// !$*UTF8*$!
{
	archiveVersion = 1;
	classes = {
	};
	objectVersion = 46;
	objects = {

/* Begin PBXBuildFile section */
		042F57251C06ACC500028EAA /* main.m in Sources */ = {isa = PBXBuildFile; fileRef = 042F57241C06ACC500028EAA /* main.m */; };
		042F57281C06ACC600028EAA /* AppDelegate.m in Sources */ = {isa = PBXBuildFile; fileRef = 042F57271C06ACC600028EAA /* AppDelegate.m */; };
		042F572B1C06ACC600028EAA /* ViewController.m in Sources */ = {isa = PBXBuildFile; fileRef = 042F572A1C06ACC600028EAA /* ViewController.m */; };
		042F572E1C06ACC600028EAA /* Main.storyboard in Resources */ = {isa = PBXBuildFile; fileRef = 042F572C1C06ACC600028EAA /* Main.storyboard */; };
		042F57301C06ACC600028EAA /* Assets.xcassets in Resources */ = {isa = PBXBuildFile; fileRef = 042F572F1C06ACC600028EAA /* Assets.xcassets */; };
		042F57331C06ACC600028EAA /* LaunchScreen.storyboard in Resources */ = {isa = PBXBuildFile; fileRef = 042F57311C06ACC600028EAA /* LaunchScreen.storyboard */; };
		042F57411C06AD4700028EAA /* item_battle@2x.png in Resources */ = {isa = PBXBuildFile; fileRef = 042F573B1C06AD4700028EAA /* item_battle@2x.png */; settings = {ASSET_TAGS = (); }; };
		042F57421C06AD4700028EAA /* item_chat@2x.png in Resources */ = {isa = PBXBuildFile; fileRef = 042F573C1C06AD4700028EAA /* item_chat@2x.png */; settings = {ASSET_TAGS = (); }; };
		042F57431C06AD4700028EAA /* item_list@2x.png in Resources */ = {isa = PBXBuildFile; fileRef = 042F573D1C06AD4700028EAA /* item_list@2x.png */; settings = {ASSET_TAGS = (); }; };
		042F57441C06AD4700028EAA /* item_school@2x.png in Resources */ = {isa = PBXBuildFile; fileRef = 042F573E1C06AD4700028EAA /* item_school@2x.png */; settings = {ASSET_TAGS = (); }; };
		042F57451C06AD4700028EAA /* item_share@2x.png in Resources */ = {isa = PBXBuildFile; fileRef = 042F573F1C06AD4700028EAA /* item_share@2x.png */; settings = {ASSET_TAGS = (); }; };
		042F57461C06AD4700028EAA /* schoolListItem@2x.png in Resources */ = {isa = PBXBuildFile; fileRef = 042F57401C06AD4700028EAA /* schoolListItem@2x.png */; settings = {ASSET_TAGS = (); }; };
		042F574A1C06BCF300028EAA /* CMMenuView.m in Sources */ = {isa = PBXBuildFile; fileRef = 042F57491C06BCF300028EAA /* CMMenuView.m */; settings = {ASSET_TAGS = (); }; };
		042F574D1C06C68000028EAA /* CMMenuRowItem.m in Sources */ = {isa = PBXBuildFile; fileRef = 042F574C1C06C68000028EAA /* CMMenuRowItem.m */; settings = {ASSET_TAGS = (); }; };
/* End PBXBuildFile section */

/* Begin PBXFileReference section */
		042F57201C06ACC500028EAA /* customMenu.app */ = {isa = PBXFileReference; explicitFileType = wrapper.application; includeInIndex = 0; path = customMenu.app; sourceTree = BUILT_PRODUCTS_DIR; };
		042F57241C06ACC500028EAA /* main.m */ = {isa = PBXFileReference; lastKnownFileType = sourcecode.c.objc; path = main.m; sourceTree = "<group>"; };
		042F57261C06ACC500028EAA /* AppDelegate.h */ = {isa = PBXFileReference; lastKnownFileType = sourcecode.c.h; path = AppDelegate.h; sourceTree = "<group>"; };
		042F57271C06ACC600028EAA /* AppDelegate.m */ = {isa = PBXFileReference; lastKnownFileType = sourcecode.c.objc; path = AppDelegate.m; sourceTree = "<group>"; };
		042F57291C06ACC600028EAA /* ViewController.h */ = {isa = PBXFileReference; lastKnownFileType = sourcecode.c.h; path = ViewController.h; sourceTree = "<group>"; };
		042F572A1C06ACC600028EAA /* ViewController.m */ = {isa = PBXFileReference; lastKnownFileType = sourcecode.c.objc; path = ViewController.m; sourceTree = "<group>"; };
		042F572D1C06ACC600028EAA /* Base */ = {isa = PBXFileReference; lastKnownFileType = file.storyboard; name = Base; path = Base.lproj/Main.storyboard; sourceTree = "<group>"; };
		042F572F1C06ACC600028EAA /* Assets.xcassets */ = {isa = PBXFileReference; lastKnownFileType = folder.assetcatalog; path = Assets.xcassets; sourceTree = "<group>"; };
		042F57321C06ACC600028EAA /* Base */ = {isa = PBXFileReference; lastKnownFileType = file.storyboard; name = Base; path = Base.lproj/LaunchScreen.storyboard; sourceTree = "<group>"; };
		042F57341C06ACC600028EAA /* Info.plist */ = {isa = PBXFileReference; lastKnownFileType = text.plist.xml; path = Info.plist; sourceTree = "<group>"; };
		042F573B1C06AD4700028EAA /* item_battle@2x.png */ = {isa = PBXFileReference; lastKnownFileType = image.png; path = "item_battle@2x.png"; sourceTree = "<group>"; };
		042F573C1C06AD4700028EAA /* item_chat@2x.png */ = {isa = PBXFileReference; lastKnownFileType = image.png; path = "item_chat@2x.png"; sourceTree = "<group>"; };
		042F573D1C06AD4700028EAA /* item_list@2x.png */ = {isa = PBXFileReference; lastKnownFileType = image.png; path = "item_list@2x.png"; sourceTree = "<group>"; };
		042F573E1C06AD4700028EAA /* item_school@2x.png */ = {isa = PBXFileReference; lastKnownFileType = image.png; path = "item_school@2x.png"; sourceTree = "<group>"; };
		042F573F1C06AD4700028EAA /* item_share@2x.png */ = {isa = PBXFileReference; lastKnownFileType = image.png; path = "item_share@2x.png"; sourceTree = "<group>"; };
		042F57401C06AD4700028EAA /* schoolListItem@2x.png */ = {isa = PBXFileReference; lastKnownFileType = image.png; path = "schoolListItem@2x.png"; sourceTree = "<group>"; };
		042F57481C06BCF300028EAA /* CMMenuView.h */ = {isa = PBXFileReference; fileEncoding = 4; lastKnownFileType = sourcecode.c.h; path = CMMenuView.h; sourceTree = "<group>"; };
		042F57491C06BCF300028EAA /* CMMenuView.m */ = {isa = PBXFileReference; fileEncoding = 4; lastKnownFileType = sourcecode.c.objc; path = CMMenuView.m; sourceTree = "<group>"; };
		042F574B1C06C68000028EAA /* CMMenuRowItem.h */ = {isa = PBXFileReference; fileEncoding = 4; lastKnownFileType = sourcecode.c.h; path = CMMenuRowItem.h; sourceTree = "<group>"; };
		042F574C1C06C68000028EAA /* CMMenuRowItem.m */ = {isa = PBXFileReference; fileEncoding = 4; lastKnownFileType = sourcecode.c.objc; path = CMMenuRowItem.m; sourceTree = "<group>"; };
/* End PBXFileReference section */

/* Begin PBXFrameworksBuildPhase section */
		042F571D1C06ACC500028EAA /* Frameworks */ = {
			isa = PBXFrameworksBuildPhase;
			buildActionMask = 2147483647;
			files = (
			);
			runOnlyForDeploymentPostprocessing = 0;
		};
/* End PBXFrameworksBuildPhase section */

/* Begin PBXGroup section */
		042F57171C06ACC500028EAA = {
			isa = PBXGroup;
			children = (
				042F57221C06ACC500028EAA /* customMenu */,
				042F57211C06ACC500028EAA /* Products */,
			);
			sourceTree = "<group>";
		};
		042F57211C06ACC500028EAA /* Products */ = {
			isa = PBXGroup;
			children = (
				042F57201C06ACC500028EAA /* customMenu.app */,
			);
			name = Products;
			sourceTree = "<group>";
		};
		042F57221C06ACC500028EAA /* customMenu */ = {
			isa = PBXGroup;
			children = (
				042F57471C06BCC800028EAA /* menu */,
				042F57261C06ACC500028EAA /* AppDelegate.h */,
				042F57271C06ACC600028EAA /* AppDelegate.m */,
				042F57291C06ACC600028EAA /* ViewController.h */,
				042F572A1C06ACC600028EAA /* ViewController.m */,
				042F572C1C06ACC600028EAA /* Main.storyboard */,
				042F572F1C06ACC600028EAA /* Assets.xcassets */,
				042F57311C06ACC600028EAA /* LaunchScreen.storyboard */,
				042F573A1C06AD4700028EAA /* image */,
				042F57341C06ACC600028EAA /* Info.plist */,
				042F57231C06ACC500028EAA /* Supporting Files */,
			);
			path = customMenu;
			sourceTree = "<group>";
		};
		042F57231C06ACC500028EAA /* Supporting Files */ = {
			isa = PBXGroup;
			children = (
				042F57241C06ACC500028EAA /* main.m */,
			);
			name = "Supporting Files";
			sourceTree = "<group>";
		};
		042F573A1C06AD4700028EAA /* image */ = {
			isa = PBXGroup;
			children = (
				042F573B1C06AD4700028EAA /* item_battle@2x.png */,
				042F573C1C06AD4700028EAA /* item_chat@2x.png */,
				042F573D1C06AD4700028EAA /* item_list@2x.png */,
				042F573E1C06AD4700028EAA /* item_school@2x.png */,
				042F573F1C06AD4700028EAA /* item_share@2x.png */,
				042F57401C06AD4700028EAA /* schoolListItem@2x.png */,
			);
			path = image;
			sourceTree = "<group>";
		};
		042F57471C06BCC800028EAA /* menu */ = {
			isa = PBXGroup;
			children = (
				042F57481C06BCF300028EAA /* CMMenuView.h */,
				042F57491C06BCF300028EAA /* CMMenuView.m */,
				042F574B1C06C68000028EAA /* CMMenuRowItem.h */,
				042F574C1C06C68000028EAA /* CMMenuRowItem.m */,
			);
			path = menu;
			sourceTree = "<group>";
		};
/* End PBXGroup section */

/* Begin PBXNativeTarget section */
		042F571F1C06ACC500028EAA /* customMenu */ = {
			isa = PBXNativeTarget;
			buildConfigurationList = 042F57371C06ACC600028EAA /* Build configuration list for PBXNativeTarget "customMenu" */;
			buildPhases = (
				042F571C1C06ACC500028EAA /* Sources */,
				042F571D1C06ACC500028EAA /* Frameworks */,
				042F571E1C06ACC500028EAA /* Resources */,
			);
			buildRules = (
			);
			dependencies = (
			);
			name = customMenu;
			productName = customMenu;
			productReference = 042F57201C06ACC500028EAA /* customMenu.app */;
			productType = "com.apple.product-type.application";
		};
/* End PBXNativeTarget section */

/* Begin PBXProject section */
		042F57181C06ACC500028EAA /* Project object */ = {
			isa = PBXProject;
			attributes = {
				LastUpgradeCheck = 0700;
				ORGANIZATIONNAME = mac;
				TargetAttributes = {
					042F571F1C06ACC500028EAA = {
						CreatedOnToolsVersion = 7.0;
						DevelopmentTeam = K7T5MMUAAE;
					};
				};
			};
			buildConfigurationList = 042F571B1C06ACC500028EAA /* Build configuration list for PBXProject "customMenu" */;
			compatibilityVersion = "Xcode 3.2";
			developmentRegion = English;
			hasScannedForEncodings = 0;
			knownRegions = (
				en,
				Base,
			);
			mainGroup = 042F57171C06ACC500028EAA;
			productRefGroup = 042F57211C06ACC500028EAA /* Products */;
			projectDirPath = "";
			projectRoot = "";
			targets = (
				042F571F1C06ACC500028EAA /* customMenu */,
			);
		};
/* End PBXProject section */

/* Begin PBXResourcesBuildPhase section */
		042F571E1C06ACC500028EAA /* Resources */ = {
			isa = PBXResourcesBuildPhase;
			buildActionMask = 2147483647;
			files = (
				042F57331C06ACC600028EAA /* LaunchScreen.storyboard in Resources */,
				042F57411C06AD4700028EAA /* item_battle@2x.png in Resources */,
				042F57421C06AD4700028EAA /* item_chat@2x.png in Resources */,
				042F57441C06AD4700028EAA /* item_school@2x.png in Resources */,
				042F57431C06AD4700028EAA /* item_list@2x.png in Resources */,
				042F57301C06ACC600028EAA /* Assets.xcassets in Resources */,
				042F572E1C06ACC600028EAA /* Main.storyboard in Resources */,
				042F57451C06AD4700028EAA /* item_share@2x.png in Resources */,
				042F57461C06AD4700028EAA /* schoolListItem@2x.png in Resources */,
			);
			runOnlyForDeploymentPostprocessing = 0;
		};
/* End PBXResourcesBuildPhase section */

/* Begin PBXSourcesBuildPhase section */
		042F571C1C06ACC500028EAA /* Sources */ = {
			isa = PBXSourcesBuildPhase;
			buildActionMask = 2147483647;
			files = (
				042F574D1C06C68000028EAA /* CMMenuRowItem.m in Sources */,
				042F572B1C06ACC600028EAA /* ViewController.m in Sources */,
				042F57281C06ACC600028EAA /* AppDelegate.m in Sources */,
				042F57251C06ACC500028EAA /* main.m in Sources */,
				042F574A1C06BCF300028EAA /* CMMenuView.m in Sources */,
			);
			runOnlyForDeploymentPostprocessing = 0;
		};
/* End PBXSourcesBuildPhase section */

/* Begin PBXVariantGroup section */
		042F572C1C06ACC600028EAA /* Main.storyboard */ = {
			isa = PBXVariantGroup;
			children = (
				042F572D1C06ACC600028EAA /* Base */,
			);
			name = Main.storyboard;
			sourceTree = "<group>";
		};
		042F57311C06ACC600028EAA /* LaunchScreen.storyboard */ = {
			isa = PBXVariantGroup;
			children = (
				042F57321C06ACC600028EAA /* Base */,
			);
			name = LaunchScreen.storyboard;
			sourceTree = "<group>";
		};
/* End PBXVariantGroup section */

/* Begin XCBuildConfiguration section */
		042F57351C06ACC600028EAA /* Debug */ = {
			isa = XCBuildConfiguration;
			buildSettings = {
				ALWAYS_SEARCH_USER_PATHS = NO;
				CLANG_CXX_LANGUAGE_STANDARD = "gnu++0x";
				CLANG_CXX_LIBRARY = "libc++";
				CLANG_ENABLE_MODULES = YES;
				CLANG_ENABLE_OBJC_ARC = YES;
				CLANG_WARN_BOOL_CONVERSION = YES;
				CLANG_WARN_CONSTANT_CONVERSION = YES;
				CLANG_WARN_DIRECT_OBJC_ISA_USAGE = YES_ERROR;
				CLANG_WARN_EMPTY_BODY = YES;
				CLANG_WARN_ENUM_CONVERSION = YES;
				CLANG_WARN_INT_CONVERSION = YES;
				CLANG_WARN_OBJC_ROOT_CLASS = YES_ERROR;
				CLANG_WARN_UNREACHABLE_CODE = YES;
				CLANG_WARN__DUPLICATE_METHOD_MATCH = YES;
				"CODE_SIGN_IDENTITY[sdk=iphoneos*]" = "iPhone Developer";
				COPY_PHASE_STRIP = NO;
				DEBUG_INFORMATION_FORMAT = dwarf;
				ENABLE_STRICT_OBJC_MSGSEND = YES;
				ENABLE_TESTABILITY = YES;
				GCC_C_LANGUAGE_STANDARD = gnu99;
				GCC_DYNAMIC_NO_PIC = NO;
				GCC_NO_COMMON_BLOCKS = YES;
				GCC_OPTIMIZATION_LEVEL = 0;
				GCC_PREPROCESSOR_DEFINITIONS = (
					"DEBUG=1",
					"$(inherited)",
				);
				GCC_WARN_64_TO_32_BIT_CONVERSION = YES;
				GCC_WARN_ABOUT_RETURN_TYPE = YES_ERROR;
				GCC_WARN_UNDECLARED_SELECTOR = YES;
				GCC_WARN_UNINITIALIZED_AUTOS = YES_AGGRESSIVE;
				GCC_WARN_UNUSED_FUNCTION = YES;
				GCC_WARN_UNUSED_VARIABLE = YES;
				IPHONEOS_DEPLOYMENT_TARGET = 9.0;
				MTL_ENABLE_DEBUG_INFO = YES;
				ONLY_ACTIVE_ARCH = YES;
				SDKROOT = iphoneos;
			};
			name = Debug;
		};
		042F57361C06ACC600028EAA /* Release */ = {
			isa = XCBuildConfiguration;
			buildSettings = {
				ALWAYS_SEARCH_USER_PATHS = NO;
				CLANG_CXX_LANGUAGE_STANDARD = "gnu++0x";
				CLANG_CXX_LIBRARY = "libc++";
				CLANG_ENABLE_MODULES = YES;
				CLANG_ENABLE_OBJC_ARC = YES;
				CLANG_WARN_BOOL_CONVERSION = YES;
				CLANG_WARN_CONSTANT_CONVERSION = YES;
				CLANG_WARN_DIRECT_OBJC_ISA_USAGE = YES_ERROR;
				CLANG_WARN_EMPTY_BODY = YES;
				CLANG_WARN_ENUM_CONVERSION = YES;
				CLANG_WARN_INT_CONVERSION = YES;
				CLANG_WARN_OBJC_ROOT_CLASS = YES_ERROR;
				CLANG_WARN_UNREACHABLE_CODE = YES;
				CLANG_WARN__DUPLICATE_METHOD_MATCH = YES;
				"CODE_SIGN_IDENTITY[sdk=iphoneos*]" = "iPhone Developer";
				COPY_PHASE_STRIP = NO;
				DEBUG_INFORMATION_FORMAT = "dwarf-with-dsym";
				ENABLE_NS_ASSERTIONS = NO;
				ENABLE_STRICT_OBJC_MSGSEND = YES;
				GCC_C_LANGUAGE_STANDARD = gnu99;
				GCC_NO_COMMON_BLOCKS = YES;
				GCC_WARN_64_TO_32_BIT_CONVERSION = YES;
				GCC_WARN_ABOUT_RETURN_TYPE = YES_ERROR;
				GCC_WARN_UNDECLARED_SELECTOR = YES;
				GCC_WARN_UNINITIALIZED_AUTOS = YES_AGGRESSIVE;
				GCC_WARN_UNUSED_FUNCTION = YES;
				GCC_WARN_UNUSED_VARIABLE = YES;
				IPHONEOS_DEPLOYMENT_TARGET = 9.0;
				MTL_ENABLE_DEBUG_INFO = NO;
				SDKROOT = iphoneos;
				VALIDATE_PRODUCT = YES;
			};
			name = Release;
		};
		042F57381C06ACC600028EAA /* Debug */ = {
			isa = XCBuildConfiguration;
			buildSettings = {
				ASSETCATALOG_COMPILER_APPICON_NAME = AppIcon;
				INFOPLIST_FILE = customMenu/Info.plist;
				LD_RUNPATH_SEARCH_PATHS = "$(inherited) @executable_path/Frameworks";
				PRODUCT_BUNDLE_IDENTIFIER = NET.customMenu;
				PRODUCT_NAME = "$(TARGET_NAME)";
			};
			name = Debug;
		};
		042F57391C06ACC600028EAA /* Release */ = {
			isa = XCBuildConfiguration;
			buildSettings = {
				ASSETCATALOG_COMPILER_APPICON_NAME = AppIcon;
				INFOPLIST_FILE = customMenu/Info.plist;
				LD_RUNPATH_SEARCH_PATHS = "$(inherited) @executable_path/Frameworks";
				PRODUCT_BUNDLE_IDENTIFIER = NET.customMenu;
				PRODUCT_NAME = "$(TARGET_NAME)";
			};
			name = Release;
		};
/* End XCBuildConfiguration section */

/* Begin XCConfigurationList section */
		042F571B1C06ACC500028EAA /* Build configuration list for PBXProject "customMenu" */ = {
			isa = XCConfigurationList;
			buildConfigurations = (
				042F57351C06ACC600028EAA /* Debug */,
				042F57361C06ACC600028EAA /* Release */,
			);
			defaultConfigurationIsVisible = 0;
			defaultConfigurationName = Release;
		};
		042F57371C06ACC600028EAA /* Build configuration list for PBXNativeTarget "customMenu" */ = {
			isa = XCConfigurationList;
			buildConfigurations = (
				042F57381C06ACC600028EAA /* Debug */,
				042F57391C06ACC600028EAA /* Release */,
			);
			defaultConfigurationIsVisible = 0;
		};
/* End XCConfigurationList section */
	};
	rootObject = 042F57181C06ACC500028EAA /* Project object */;
}
